
Microsoft Visual Studio Solution File, Format Version 12.00
# Visual Studio Version 16
VisualStudioVersion = 16.0.31321.278
MinimumVisualStudioVersion = 10.0.40219.1
Project("{9A19103F-16F7-4668-BE54-9A1E7A4F7556}") = "HuePianoSync", "HuePianoSync\HuePianoSync.csproj", "{263CB0A3-7221-4DE5-BBFF-9823ABDC0F81}"
EndProject
Project("{FAE04EC0-301F-11D3-BF4B-00C04F79EFBC}") = "HuePianoSync.Cons.Run", "HuePianoSync.Cons.Run\HuePianoSync.Cons.Run.csproj", "{9D9E53C9-7955-4CCA-97EF-4583579031C3}"
EndProject
Global
	GlobalSection(SolutionConfigurationPlatforms) = preSolution
		Debug|Any CPU = Debug|Any CPU
		Release|Any CPU = Release|Any CPU
	EndGlobalSection
	GlobalSection(ProjectConfigurationPlatforms) = postSolution
		{263CB0A3-7221-4DE5-BBFF-9823ABDC0F81}.Debug|Any CPU.ActiveCfg = Debug|Any CPU
		{263CB0A3-7221-4DE5-BBFF-9823ABDC0F81}.Debug|Any CPU.Build.0 = Debug|Any CPU
		{263CB0A3-7221-4DE5-BBFF-9823ABDC0F81}.Release|Any CPU.ActiveCfg = Release|Any CPU
		{263CB0A3-7221-4DE5-BBFF-9823ABDC0F81}.Release|Any CPU.Build.0 = Release|Any CPU
		{9D9E53C9-7955-4CCA-97EF-4583579031C3}.Debug|Any CPU.ActiveCfg = Debug|Any CPU
		{9D9E53C9-7955-4CCA-97EF-4583579031C3}.Debug|Any CPU.Build.0 = Debug|Any CPU
		{9D9E53C9-7955-4CCA-97EF-4583579031C3}.Release|Any CPU.ActiveCfg = Release|Any CPU
		{9D9E53C9-7955-4CCA-97EF-4583579031C3}.Release|Any CPU.Build.0 = Release|Any CPU
	EndGlobalSection
	GlobalSection(SolutionProperties) = preSolution
		HideSolutionNode = FALSE
	EndGlobalSection
	GlobalSection(ExtensibilityGlobals) = postSolution
		SolutionGuid = {45B20BD1-CB98-4EFC-8B83-91320F3C6390}
	EndGlobalSection
EndGlobal
